
Microsoft Visual Studio Solution File, Format Version 12.00
# Visual Studio 2012
Project("{FAE04EC0-301F-11D3-BF4B-00C04F79EFBC}") = "HOK.DivaAutomation", "HOK.DivaAutomation\HOK.DivaAutomation.csproj", "{E1482019-037E-4801-87EE-B84475EA10CD}"
EndProject
Project("{FAE04EC0-301F-11D3-BF4B-00C04F79EFBC}") = "HOK.DivaSettings", "HOK.DivaSettings\HOK.DivaSettings.csproj", "{449924DC-F03B-4799-9A1C-BC9097E258FF}"
EndProject
Project("{FAE04EC0-301F-11D3-BF4B-00C04F79EFBC}") = "ConsoleApplication1", "ConsoleApplication1\ConsoleApplication1.csproj", "{3E660C1D-0022-4627-82BB-1B10F0EA290D}"
EndProject
Global
	GlobalSection(SolutionConfigurationPlatforms) = preSolution
		2013|Any CPU = 2013|Any CPU
		2014|Any CPU = 2014|Any CPU
		2015|Any CPU = 2015|Any CPU
		Debug|Any CPU = Debug|Any CPU
		Debug64|Any CPU = Debug64|Any CPU
		Release|Any CPU = Release|Any CPU
	EndGlobalSection
	GlobalSection(ProjectConfigurationPlatforms) = postSolution
		{E1482019-037E-4801-87EE-B84475EA10CD}.2013|Any CPU.ActiveCfg = Debug|Any CPU
		{E1482019-037E-4801-87EE-B84475EA10CD}.2013|Any CPU.Build.0 = Debug|Any CPU
		{E1482019-037E-4801-87EE-B84475EA10CD}.2014|Any CPU.ActiveCfg = 2014|Any CPU
		{E1482019-037E-4801-87EE-B84475EA10CD}.2014|Any CPU.Build.0 = 2014|Any CPU
		{E1482019-037E-4801-87EE-B84475EA10CD}.2015|Any CPU.ActiveCfg = 2015|Any CPU
		{E1482019-037E-4801-87EE-B84475EA10CD}.2015|Any CPU.Build.0 = 2015|Any CPU
		{E1482019-037E-4801-87EE-B84475EA10CD}.Debug|Any CPU.ActiveCfg = Debug|Any CPU
		{E1482019-037E-4801-87EE-B84475EA10CD}.Debug|Any CPU.Build.0 = Debug|Any CPU
		{E1482019-037E-4801-87EE-B84475EA10CD}.Debug64|Any CPU.ActiveCfg = Debug|Any CPU
		{E1482019-037E-4801-87EE-B84475EA10CD}.Debug64|Any CPU.Build.0 = Debug|Any CPU
		{E1482019-037E-4801-87EE-B84475EA10CD}.Release|Any CPU.ActiveCfg = Release|Any CPU
		{E1482019-037E-4801-87EE-B84475EA10CD}.Release|Any CPU.Build.0 = Release|Any CPU
		{449924DC-F03B-4799-9A1C-BC9097E258FF}.2013|Any CPU.ActiveCfg = Release|Any CPU
		{449924DC-F03B-4799-9A1C-BC9097E258FF}.2013|Any CPU.Build.0 = Release|Any CPU
		{449924DC-F03B-4799-9A1C-BC9097E258FF}.2014|Any CPU.ActiveCfg = Release|Any CPU
		{449924DC-F03B-4799-9A1C-BC9097E258FF}.2014|Any CPU.Build.0 = Release|Any CPU
		{449924DC-F03B-4799-9A1C-BC9097E258FF}.2015|Any CPU.ActiveCfg = Release|Any CPU
		{449924DC-F03B-4799-9A1C-BC9097E258FF}.2015|Any CPU.Build.0 = Release|Any CPU
		{449924DC-F03B-4799-9A1C-BC9097E258FF}.Debug|Any CPU.ActiveCfg = Debug64|Any CPU
		{449924DC-F03B-4799-9A1C-BC9097E258FF}.Debug|Any CPU.Build.0 = Debug64|Any CPU
		{449924DC-F03B-4799-9A1C-BC9097E258FF}.Debug64|Any CPU.ActiveCfg = Debug64|Any CPU
		{449924DC-F03B-4799-9A1C-BC9097E258FF}.Debug64|Any CPU.Build.0 = Debug64|Any CPU
		{449924DC-F03B-4799-9A1C-BC9097E258FF}.Release|Any CPU.ActiveCfg = Release|Any CPU
		{449924DC-F03B-4799-9A1C-BC9097E258FF}.Release|Any CPU.Build.0 = Release|Any CPU
		{3E660C1D-0022-4627-82BB-1B10F0EA290D}.2013|Any CPU.ActiveCfg = Release|Any CPU
		{3E660C1D-0022-4627-82BB-1B10F0EA290D}.2013|Any CPU.Build.0 = Release|Any CPU
		{3E660C1D-0022-4627-82BB-1B10F0EA290D}.2014|Any CPU.ActiveCfg = Release|Any CPU
		{3E660C1D-0022-4627-82BB-1B10F0EA290D}.2014|Any CPU.Build.0 = Release|Any CPU
		{3E660C1D-0022-4627-82BB-1B10F0EA290D}.2015|Any CPU.ActiveCfg = Release|Any CPU
		{3E660C1D-0022-4627-82BB-1B10F0EA290D}.2015|Any CPU.Build.0 = Release|Any CPU
		{3E660C1D-0022-4627-82BB-1B10F0EA290D}.Debug|Any CPU.ActiveCfg = Debug|Any CPU
		{3E660C1D-0022-4627-82BB-1B10F0EA290D}.Debug|Any CPU.Build.0 = Debug|Any CPU
		{3E660C1D-0022-4627-82BB-1B10F0EA290D}.Debug64|Any CPU.ActiveCfg = Debug|Any CPU
		{3E660C1D-0022-4627-82BB-1B10F0EA290D}.Debug64|Any CPU.Build.0 = Debug|Any CPU
		{3E660C1D-0022-4627-82BB-1B10F0EA290D}.Release|Any CPU.ActiveCfg = Release|Any CPU
		{3E660C1D-0022-4627-82BB-1B10F0EA290D}.Release|Any CPU.Build.0 = Release|Any CPU
	EndGlobalSection
	GlobalSection(SolutionProperties) = preSolution
		HideSolutionNode = FALSE
	EndGlobalSection
EndGlobal
